
Microsoft Visual Studio Solution File, Format Version 12.00
# Visual Studio Version 16
VisualStudioVersion = 16.0.31727.386
MinimumVisualStudioVersion = 10.0.40219.1
Project("{FAE04EC0-301F-11D3-BF4B-00C04F79EFBC}") = "FrmMateria", "FrmMateria\FrmMateria.csproj", "{A55F6B3A-C6E1-4D18-847D-B3E4BDCDFFB8}"
EndProject
Global
	GlobalSection(SolutionConfigurationPlatforms) = preSolution
		Debug|Any CPU = Debug|Any CPU
		Release|Any CPU = Release|Any CPU
	EndGlobalSection
	GlobalSection(ProjectConfigurationPlatforms) = postSolution
		{A55F6B3A-C6E1-4D18-847D-B3E4BDCDFFB8}.Debug|Any CPU.ActiveCfg = Debug|Any CPU
		{A55F6B3A-C6E1-4D18-847D-B3E4BDCDFFB8}.Debug|Any CPU.Build.0 = Debug|Any CPU
		{A55F6B3A-C6E1-4D18-847D-B3E4BDCDFFB8}.Release|Any CPU.ActiveCfg = Release|Any CPU
		{A55F6B3A-C6E1-4D18-847D-B3E4BDCDFFB8}.Release|Any CPU.Build.0 = Release|Any CPU
	EndGlobalSection
	GlobalSection(SolutionProperties) = preSolution
		HideSolutionNode = FALSE
	EndGlobalSection
	GlobalSection(ExtensibilityGlobals) = postSolution
		SolutionGuid = {AF40F77B-20A5-47CC-9CA2-A723F803B8D3}
	EndGlobalSection
EndGlobal
